%{"cowboy": {:hex, :cowboy, "1.0.3"},
  "cowlib": {:hex, :cowlib, "1.0.1"},
  "message_pack": {:git, "git://github.com/nviennot/msgpack-elixir.git", "97d791c7dc3ee9324d6af3fbbace88da568b1253", []},
  "msgpack": {:git, "git://github.com/msgpack/msgpack-erlang.git", "c666a5f6568ac2e15687bb155442025dbb8b74ff", []},
  "msgpax": {:hex, :msgpax, "0.8.1"},
  "phoenix": {:hex, :phoenix, "1.0.2"},
  "plug": {:hex, :plug, "1.0.2"},
  "ranch": {:hex, :ranch, "1.1.0"},
  "uuid": {:hex, :uuid, "1.1.1"}}
